// !$*UTF8*$!
{
	archiveVersion = 1;
	classes = {
	};
	objectVersion = 46;
	objects = {

/* Begin PBXBuildFile section */
		D336BB491F5C710A004FBB52 /* AppDelegate.swift in Sources */ = {isa = PBXBuildFile; fileRef = D336BB481F5C710A004FBB52 /* AppDelegate.swift */; };
		D336BB4B1F5C710A004FBB52 /* ViewController.swift in Sources */ = {isa = PBXBuildFile; fileRef = D336BB4A1F5C710A004FBB52 /* ViewController.swift */; };
		D336BB4E1F5C710A004FBB52 /* Main.storyboard in Resources */ = {isa = PBXBuildFile; fileRef = D336BB4C1F5C710A004FBB52 /* Main.storyboard */; };
		D336BB501F5C710A004FBB52 /* Assets.xcassets in Resources */ = {isa = PBXBuildFile; fileRef = D336BB4F1F5C710A004FBB52 /* Assets.xcassets */; };
		D336BB531F5C710A004FBB52 /* LaunchScreen.storyboard in Resources */ = {isa = PBXBuildFile; fileRef = D336BB511F5C710A004FBB52 /* LaunchScreen.storyboard */; };
/* End PBXBuildFile section */

/* Begin PBXFileReference section */
		D336BB451F5C710A004FBB52 /* POKEDEX.app */ = {isa = PBXFileReference; explicitFileType = wrapper.application; includeInIndex = 0; path = POKEDEX.app; sourceTree = BUILT_PRODUCTS_DIR; };
		D336BB481F5C710A004FBB52 /* AppDelegate.swift */ = {isa = PBXFileReference; lastKnownFileType = sourcecode.swift; path = AppDelegate.swift; sourceTree = "<group>"; };
		D336BB4A1F5C710A004FBB52 /* ViewController.swift */ = {isa = PBXFileReference; lastKnownFileType = sourcecode.swift; path = ViewController.swift; sourceTree = "<group>"; };
		D336BB4D1F5C710A004FBB52 /* Base */ = {isa = PBXFileReference; lastKnownFileType = file.storyboard; name = Base; path = Base.lproj/Main.storyboard; sourceTree = "<group>"; };
		D336BB4F1F5C710A004FBB52 /* Assets.xcassets */ = {isa = PBXFileReference; lastKnownFileType = folder.assetcatalog; path = Assets.xcassets; sourceTree = "<group>"; };
		D336BB521F5C710A004FBB52 /* Base */ = {isa = PBXFileReference; lastKnownFileType = file.storyboard; name = Base; path = Base.lproj/LaunchScreen.storyboard; sourceTree = "<group>"; };
		D336BB541F5C710A004FBB52 /* Info.plist */ = {isa = PBXFileReference; lastKnownFileType = text.plist.xml; path = Info.plist; sourceTree = "<group>"; };
/* End PBXFileReference section */

/* Begin PBXFrameworksBuildPhase section */
		D336BB421F5C710A004FBB52 /* Frameworks */ = {
			isa = PBXFrameworksBuildPhase;
			buildActionMask = 2147483647;
			files = (
			);
			runOnlyForDeploymentPostprocessing = 0;
		};
/* End PBXFrameworksBuildPhase section */

/* Begin PBXGroup section */
		D336BB3C1F5C710A004FBB52 = {
			isa = PBXGroup;
			children = (
				D336BB471F5C710A004FBB52 /* POKEDEX */,
				D336BB461F5C710A004FBB52 /* Products */,
			);
			sourceTree = "<group>";
		};
		D336BB461F5C710A004FBB52 /* Products */ = {
			isa = PBXGroup;
			children = (
				D336BB451F5C710A004FBB52 /* POKEDEX.app */,
			);
			name = Products;
			sourceTree = "<group>";
		};
		D336BB471F5C710A004FBB52 /* POKEDEX */ = {
			isa = PBXGroup;
			children = (
				D336BB481F5C710A004FBB52 /* AppDelegate.swift */,
				D336BB4A1F5C710A004FBB52 /* ViewController.swift */,
				D336BB4C1F5C710A004FBB52 /* Main.storyboard */,
				D336BB4F1F5C710A004FBB52 /* Assets.xcassets */,
				D336BB511F5C710A004FBB52 /* LaunchScreen.storyboard */,
				D336BB541F5C710A004FBB52 /* Info.plist */,
			);
			path = POKEDEX;
			sourceTree = "<group>";
		};
/* End PBXGroup section */

/* Begin PBXNativeTarget section */
		D336BB441F5C710A004FBB52 /* POKEDEX */ = {
			isa = PBXNativeTarget;
			buildConfigurationList = D336BB571F5C710A004FBB52 /* Build configuration list for PBXNativeTarget "POKEDEX" */;
			buildPhases = (
				D336BB411F5C710A004FBB52 /* Sources */,
				D336BB421F5C710A004FBB52 /* Frameworks */,
				D336BB431F5C710A004FBB52 /* Resources */,
			);
			buildRules = (
			);
			dependencies = (
			);
			name = POKEDEX;
			productName = POKEDEX;
			productReference = D336BB451F5C710A004FBB52 /* POKEDEX.app */;
			productType = "com.apple.product-type.application";
		};
/* End PBXNativeTarget section */

/* Begin PBXProject section */
		D336BB3D1F5C710A004FBB52 /* Project object */ = {
			isa = PBXProject;
			attributes = {
				LastSwiftUpdateCheck = 0830;
				LastUpgradeCheck = 0830;
				ORGANIZATIONNAME = Ruzica;
				TargetAttributes = {
					D336BB441F5C710A004FBB52 = {
						CreatedOnToolsVersion = 8.3.3;
						ProvisioningStyle = Automatic;
					};
				};
			};
			buildConfigurationList = D336BB401F5C710A004FBB52 /* Build configuration list for PBXProject "POKEDEX" */;
			compatibilityVersion = "Xcode 3.2";
			developmentRegion = English;
			hasScannedForEncodings = 0;
			knownRegions = (
				en,
				Base,
			);
			mainGroup = D336BB3C1F5C710A004FBB52;
			productRefGroup = D336BB461F5C710A004FBB52 /* Products */;
			projectDirPath = "";
			projectRoot = "";
			targets = (
				D336BB441F5C710A004FBB52 /* POKEDEX */,
			);
		};
/* End PBXProject section */

/* Begin PBXResourcesBuildPhase section */
		D336BB431F5C710A004FBB52 /* Resources */ = {
			isa = PBXResourcesBuildPhase;
			buildActionMask = 2147483647;
			files = (
				D336BB531F5C710A004FBB52 /* LaunchScreen.storyboard in Resources */,
				D336BB501F5C710A004FBB52 /* Assets.xcassets in Resources */,
				D336BB4E1F5C710A004FBB52 /* Main.storyboard in Resources */,
			);
			runOnlyForDeploymentPostprocessing = 0;
		};
/* End PBXResourcesBuildPhase section */

/* Begin PBXSourcesBuildPhase section */
		D336BB411F5C710A004FBB52 /* Sources */ = {
			isa = PBXSourcesBuildPhase;
			buildActionMask = 2147483647;
			files = (
				D336BB4B1F5C710A004FBB52 /* ViewController.swift in Sources */,
				D336BB491F5C710A004FBB52 /* AppDelegate.swift in Sources */,
			);
			runOnlyForDeploymentPostprocessing = 0;
		};
/* End PBXSourcesBuildPhase section */

/* Begin PBXVariantGroup section */
		D336BB4C1F5C710A004FBB52 /* Main.storyboard */ = {
			isa = PBXVariantGroup;
			children = (
				D336BB4D1F5C710A004FBB52 /* Base */,
			);
			name = Main.storyboard;
			sourceTree = "<group>";
		};
		D336BB511F5C710A004FBB52 /* LaunchScreen.storyboard */ = {
			isa = PBXVariantGroup;
			children = (
				D336BB521F5C710A004FBB52 /* Base */,
			);
			name = LaunchScreen.storyboard;
			sourceTree = "<group>";
		};
/* End PBXVariantGroup section */

/* Begin XCBuildConfiguration section */
		D336BB551F5C710A004FBB52 /* Debug */ = {
			isa = XCBuildConfiguration;
			buildSettings = {
				ALWAYS_SEARCH_USER_PATHS = NO;
				CLANG_ANALYZER_NONNULL = YES;
				CLANG_ANALYZER_NUMBER_OBJECT_CONVERSION = YES_AGGRESSIVE;
				CLANG_CXX_LANGUAGE_STANDARD = "gnu++0x";
				CLANG_CXX_LIBRARY = "libc++";
				CLANG_ENABLE_MODULES = YES;
				CLANG_ENABLE_OBJC_ARC = YES;
				CLANG_WARN_BOOL_CONVERSION = YES;
				CLANG_WARN_CONSTANT_CONVERSION = YES;
				CLANG_WARN_DIRECT_OBJC_ISA_USAGE = YES_ERROR;
				CLANG_WARN_DOCUMENTATION_COMMENTS = YES;
				CLANG_WARN_EMPTY_BODY = YES;
				CLANG_WARN_ENUM_CONVERSION = YES;
				CLANG_WARN_INFINITE_RECURSION = YES;
				CLANG_WARN_INT_CONVERSION = YES;
				CLANG_WARN_OBJC_ROOT_CLASS = YES_ERROR;
				CLANG_WARN_SUSPICIOUS_MOVE = YES;
				CLANG_WARN_UNREACHABLE_CODE = YES;
				CLANG_WARN__DUPLICATE_METHOD_MATCH = YES;
				"CODE_SIGN_IDENTITY[sdk=iphoneos*]" = "iPhone Developer";
				COPY_PHASE_STRIP = NO;
				DEBUG_INFORMATION_FORMAT = dwarf;
				ENABLE_STRICT_OBJC_MSGSEND = YES;
				ENABLE_TESTABILITY = YES;
				GCC_C_LANGUAGE_STANDARD = gnu99;
				GCC_DYNAMIC_NO_PIC = NO;
				GCC_NO_COMMON_BLOCKS = YES;
				GCC_OPTIMIZATION_LEVEL = 0;
				GCC_PREPROCESSOR_DEFINITIONS = (
					"DEBUG=1",
					"$(inherited)",
				);
				GCC_WARN_64_TO_32_BIT_CONVERSION = YES;
				GCC_WARN_ABOUT_RETURN_TYPE = YES_ERROR;
				GCC_WARN_UNDECLARED_SELECTOR = YES;
				GCC_WARN_UNINITIALIZED_AUTOS = YES_AGGRESSIVE;
				GCC_WARN_UNUSED_FUNCTION = YES;
				GCC_WARN_UNUSED_VARIABLE = YES;
				IPHONEOS_DEPLOYMENT_TARGET = 10.3;
				MTL_ENABLE_DEBUG_INFO = YES;
				ONLY_ACTIVE_ARCH = YES;
				SDKROOT = iphoneos;
				SWIFT_ACTIVE_COMPILATION_CONDITIONS = DEBUG;
				SWIFT_OPTIMIZATION_LEVEL = "-Onone";
			};
			name = Debug;
		};
		D336BB561F5C710A004FBB52 /* Release */ = {
			isa = XCBuildConfiguration;
			buildSettings = {
				ALWAYS_SEARCH_USER_PATHS = NO;
				CLANG_ANALYZER_NONNULL = YES;
				CLANG_ANALYZER_NUMBER_OBJECT_CONVERSION = YES_AGGRESSIVE;
				CLANG_CXX_LANGUAGE_STANDARD = "gnu++0x";
				CLANG_CXX_LIBRARY = "libc++";
				CLANG_ENABLE_MODULES = YES;
				CLANG_ENABLE_OBJC_ARC = YES;
				CLANG_WARN_BOOL_CONVERSION = YES;
				CLANG_WARN_CONSTANT_CONVERSION = YES;
				CLANG_WARN_DIRECT_OBJC_ISA_USAGE = YES_ERROR;
				CLANG_WARN_DOCUMENTATION_COMMENTS = YES;
				CLANG_WARN_EMPTY_BODY = YES;
				CLANG_WARN_ENUM_CONVERSION = YES;
				CLANG_WARN_INFINITE_RECURSION = YES;
				CLANG_WARN_INT_CONVERSION = YES;
				CLANG_WARN_OBJC_ROOT_CLASS = YES_ERROR;
				CLANG_WARN_SUSPICIOUS_MOVE = YES;
				CLANG_WARN_UNREACHABLE_CODE = YES;
				CLANG_WARN__DUPLICATE_METHOD_MATCH = YES;
				"CODE_SIGN_IDENTITY[sdk=iphoneos*]" = "iPhone Developer";
				COPY_PHASE_STRIP = NO;
				DEBUG_INFORMATION_FORMAT = "dwarf-with-dsym";
				ENABLE_NS_ASSERTIONS = NO;
				ENABLE_STRICT_OBJC_MSGSEND = YES;
				GCC_C_LANGUAGE_STANDARD = gnu99;
				GCC_NO_COMMON_BLOCKS = YES;
				GCC_WARN_64_TO_32_BIT_CONVERSION = YES;
				GCC_WARN_ABOUT_RETURN_TYPE = YES_ERROR;
				GCC_WARN_UNDECLARED_SELECTOR = YES;
				GCC_WARN_UNINITIALIZED_AUTOS = YES_AGGRESSIVE;
				GCC_WARN_UNUSED_FUNCTION = YES;
				GCC_WARN_UNUSED_VARIABLE = YES;
				IPHONEOS_DEPLOYMENT_TARGET = 10.3;
				MTL_ENABLE_DEBUG_INFO = NO;
				SDKROOT = iphoneos;
				SWIFT_OPTIMIZATION_LEVEL = "-Owholemodule";
				VALIDATE_PRODUCT = YES;
			};
			name = Release;
		};
		D336BB581F5C710A004FBB52 /* Debug */ = {
			isa = XCBuildConfiguration;
			buildSettings = {
				ASSETCATALOG_COMPILER_APPICON_NAME = AppIcon;
				INFOPLIST_FILE = POKEDEX/Info.plist;
				LD_RUNPATH_SEARCH_PATHS = "$(inherited) @executable_path/Frameworks";
				PRODUCT_BUNDLE_IDENTIFIER = co.trbovic.POKEDEX;
				PRODUCT_NAME = "$(TARGET_NAME)";
				SWIFT_VERSION = 3.0;
			};
			name = Debug;
		};
		D336BB591F5C710A004FBB52 /* Release */ = {
			isa = XCBuildConfiguration;
			buildSettings = {
				ASSETCATALOG_COMPILER_APPICON_NAME = AppIcon;
				INFOPLIST_FILE = POKEDEX/Info.plist;
				LD_RUNPATH_SEARCH_PATHS = "$(inherited) @executable_path/Frameworks";
				PRODUCT_BUNDLE_IDENTIFIER = co.trbovic.POKEDEX;
				PRODUCT_NAME = "$(TARGET_NAME)";
				SWIFT_VERSION = 3.0;
			};
			name = Release;
		};
/* End XCBuildConfiguration section */

/* Begin XCConfigurationList section */
		D336BB401F5C710A004FBB52 /* Build configuration list for PBXProject "POKEDEX" */ = {
			isa = XCConfigurationList;
			buildConfigurations = (
				D336BB551F5C710A004FBB52 /* Debug */,
				D336BB561F5C710A004FBB52 /* Release */,
			);
			defaultConfigurationIsVisible = 0;
			defaultConfigurationName = Release;
		};
		D336BB571F5C710A004FBB52 /* Build configuration list for PBXNativeTarget "POKEDEX" */ = {
			isa = XCConfigurationList;
			buildConfigurations = (
				D336BB581F5C710A004FBB52 /* Debug */,
				D336BB591F5C710A004FBB52 /* Release */,
			);
			defaultConfigurationIsVisible = 0;
		};
/* End XCConfigurationList section */
	};
	rootObject = D336BB3D1F5C710A004FBB52 /* Project object */;
}
